// !$*UTF8*$!
{
	archiveVersion = 1;
	classes = {
	};
	objectVersion = 77;
	objects = {

/* Begin PBXBuildFile section */
		850326142D749B40008CE3DD /* Constants.swift in Sources */ = {isa = PBXBuildFile; fileRef = 850326132D749B40008CE3DD /* Constants.swift */; };
		850326162D749F27008CE3DD /* PhotosListView.swift in Sources */ = {isa = PBXBuildFile; fileRef = 850326152D749F27008CE3DD /* PhotosListView.swift */; };
		850326182D74A6EF008CE3DD /* SampleView.swift in Sources */ = {isa = PBXBuildFile; fileRef = 850326172D74A6EF008CE3DD /* SampleView.swift */; };
		85D64DA62D7F1F8F002F40F4 /* UpdateEditViewModel.swift in Sources */ = {isa = PBXBuildFile; fileRef = 85D64DA52D7F1F8F002F40F4 /* UpdateEditViewModel.swift */; };
		85D64DA82D7F297D002F40F4 /* UpdateEditFormView.swift in Sources */ = {isa = PBXBuildFile; fileRef = 85D64DA72D7F297D002F40F4 /* UpdateEditFormView.swift */; };
		85D64DAA2D7F33DD002F40F4 /* ImagePicker.swift in Sources */ = {isa = PBXBuildFile; fileRef = 85D64DA92D7F33DD002F40F4 /* ImagePicker.swift */; };
/* End PBXBuildFile section */

/* Begin PBXContainerItemProxy section */
		8503258A2D6B1E81008CE3DD /* PBXContainerItemProxy */ = {
			isa = PBXContainerItemProxy;
			containerPortal = 850325712D6B1E80008CE3DD /* Project object */;
			proxyType = 1;
			remoteGlobalIDString = 850325782D6B1E80008CE3DD;
			remoteInfo = PicText;
		};
		850325942D6B1E81008CE3DD /* PBXContainerItemProxy */ = {
			isa = PBXContainerItemProxy;
			containerPortal = 850325712D6B1E80008CE3DD /* Project object */;
			proxyType = 1;
			remoteGlobalIDString = 850325782D6B1E80008CE3DD;
			remoteInfo = PicText;
		};
/* End PBXContainerItemProxy section */

/* Begin PBXFileReference section */
		850325792D6B1E80008CE3DD /* PicText.app */ = {isa = PBXFileReference; explicitFileType = wrapper.application; includeInIndex = 0; path = PicText.app; sourceTree = BUILT_PRODUCTS_DIR; };
		850325892D6B1E81008CE3DD /* PicTextTests.xctest */ = {isa = PBXFileReference; explicitFileType = wrapper.cfbundle; includeInIndex = 0; path = PicTextTests.xctest; sourceTree = BUILT_PRODUCTS_DIR; };
		850325932D6B1E81008CE3DD /* PicTextUITests.xctest */ = {isa = PBXFileReference; explicitFileType = wrapper.cfbundle; includeInIndex = 0; path = PicTextUITests.xctest; sourceTree = BUILT_PRODUCTS_DIR; };
		850326132D749B40008CE3DD /* Constants.swift */ = {isa = PBXFileReference; lastKnownFileType = sourcecode.swift; path = Constants.swift; sourceTree = "<group>"; };
		850326152D749F27008CE3DD /* PhotosListView.swift */ = {isa = PBXFileReference; lastKnownFileType = sourcecode.swift; path = PhotosListView.swift; sourceTree = "<group>"; };
		850326172D74A6EF008CE3DD /* SampleView.swift */ = {isa = PBXFileReference; lastKnownFileType = sourcecode.swift; path = SampleView.swift; sourceTree = "<group>"; };
		85D64DA52D7F1F8F002F40F4 /* UpdateEditViewModel.swift */ = {isa = PBXFileReference; lastKnownFileType = sourcecode.swift; path = UpdateEditViewModel.swift; sourceTree = "<group>"; };
		85D64DA72D7F297D002F40F4 /* UpdateEditFormView.swift */ = {isa = PBXFileReference; lastKnownFileType = sourcecode.swift; path = UpdateEditFormView.swift; sourceTree = "<group>"; };
		85D64DA92D7F33DD002F40F4 /* ImagePicker.swift */ = {isa = PBXFileReference; lastKnownFileType = sourcecode.swift; path = ImagePicker.swift; sourceTree = "<group>"; };
/* End PBXFileReference section */

/* Begin PBXFileSystemSynchronizedRootGroup section */
		8503257B2D6B1E80008CE3DD /* PicText */ = {
			isa = PBXFileSystemSynchronizedRootGroup;
			path = PicText;
			sourceTree = "<group>";
		};
		8503258C2D6B1E81008CE3DD /* PicTextTests */ = {
			isa = PBXFileSystemSynchronizedRootGroup;
			path = PicTextTests;
			sourceTree = "<group>";
		};
		850325962D6B1E81008CE3DD /* PicTextUITests */ = {
			isa = PBXFileSystemSynchronizedRootGroup;
			path = PicTextUITests;
			sourceTree = "<group>";
		};
/* End PBXFileSystemSynchronizedRootGroup section */

/* Begin PBXFrameworksBuildPhase section */
		850325762D6B1E80008CE3DD /* Frameworks */ = {
			isa = PBXFrameworksBuildPhase;
			buildActionMask = 2147483647;
			files = (
			);
			runOnlyForDeploymentPostprocessing = 0;
		};
		850325862D6B1E81008CE3DD /* Frameworks */ = {
			isa = PBXFrameworksBuildPhase;
			buildActionMask = 2147483647;
			files = (
			);
			runOnlyForDeploymentPostprocessing = 0;
		};
		850325902D6B1E81008CE3DD /* Frameworks */ = {
			isa = PBXFrameworksBuildPhase;
			buildActionMask = 2147483647;
			files = (
			);
			runOnlyForDeploymentPostprocessing = 0;
		};
/* End PBXFrameworksBuildPhase section */

/* Begin PBXGroup section */
		850325702D6B1E80008CE3DD = {
			isa = PBXGroup;
			children = (
				85D64DA42D7F1F33002F40F4 /* Model edits */,
				850326172D74A6EF008CE3DD /* SampleView.swift */,
				850326152D749F27008CE3DD /* PhotosListView.swift */,
				850326122D749AF6008CE3DD /* ImagePicker */,
				8503257B2D6B1E80008CE3DD /* PicText */,
				8503258C2D6B1E81008CE3DD /* PicTextTests */,
				850325962D6B1E81008CE3DD /* PicTextUITests */,
				8503257A2D6B1E80008CE3DD /* Products */,
			);
			sourceTree = "<group>";
		};
		8503257A2D6B1E80008CE3DD /* Products */ = {
			isa = PBXGroup;
			children = (
				850325792D6B1E80008CE3DD /* PicText.app */,
				850325892D6B1E81008CE3DD /* PicTextTests.xctest */,
				850325932D6B1E81008CE3DD /* PicTextUITests.xctest */,
			);
			name = Products;
			sourceTree = "<group>";
		};
		850326122D749AF6008CE3DD /* ImagePicker */ = {
			isa = PBXGroup;
			children = (
				85D64DA92D7F33DD002F40F4 /* ImagePicker.swift */,
				850326132D749B40008CE3DD /* Constants.swift */,
			);
			path = ImagePicker;
			sourceTree = "<group>";
		};
		85D64DA42D7F1F33002F40F4 /* Model edits */ = {
			isa = PBXGroup;
			children = (
				85D64DA52D7F1F8F002F40F4 /* UpdateEditViewModel.swift */,
				85D64DA72D7F297D002F40F4 /* UpdateEditFormView.swift */,
			);
			path = "Model edits";
			sourceTree = "<group>";
		};
/* End PBXGroup section */

/* Begin PBXNativeTarget section */
		850325782D6B1E80008CE3DD /* PicText */ = {
			isa = PBXNativeTarget;
			buildConfigurationList = 8503259D2D6B1E81008CE3DD /* Build configuration list for PBXNativeTarget "PicText" */;
			buildPhases = (
				850325752D6B1E80008CE3DD /* Sources */,
				850325762D6B1E80008CE3DD /* Frameworks */,
				850325772D6B1E80008CE3DD /* Resources */,
			);
			buildRules = (
			);
			dependencies = (
			);
			fileSystemSynchronizedGroups = (
				8503257B2D6B1E80008CE3DD /* PicText */,
			);
			name = PicText;
			packageProductDependencies = (
			);
			productName = PicText;
			productReference = 850325792D6B1E80008CE3DD /* PicText.app */;
			productType = "com.apple.product-type.application";
		};
		850325882D6B1E81008CE3DD /* PicTextTests */ = {
			isa = PBXNativeTarget;
			buildConfigurationList = 850325A02D6B1E81008CE3DD /* Build configuration list for PBXNativeTarget "PicTextTests" */;
			buildPhases = (
				850325852D6B1E81008CE3DD /* Sources */,
				850325862D6B1E81008CE3DD /* Frameworks */,
				850325872D6B1E81008CE3DD /* Resources */,
			);
			buildRules = (
			);
			dependencies = (
				8503258B2D6B1E81008CE3DD /* PBXTargetDependency */,
			);
			fileSystemSynchronizedGroups = (
				8503258C2D6B1E81008CE3DD /* PicTextTests */,
			);
			name = PicTextTests;
			packageProductDependencies = (
			);
			productName = PicTextTests;
			productReference = 850325892D6B1E81008CE3DD /* PicTextTests.xctest */;
			productType = "com.apple.product-type.bundle.unit-test";
		};
		850325922D6B1E81008CE3DD /* PicTextUITests */ = {
			isa = PBXNativeTarget;
			buildConfigurationList = 850325A32D6B1E81008CE3DD /* Build configuration list for PBXNativeTarget "PicTextUITests" */;
			buildPhases = (
				8503258F2D6B1E81008CE3DD /* Sources */,
				850325902D6B1E81008CE3DD /* Frameworks */,
				850325912D6B1E81008CE3DD /* Resources */,
			);
			buildRules = (
			);
			dependencies = (
				850325952D6B1E81008CE3DD /* PBXTargetDependency */,
			);
			fileSystemSynchronizedGroups = (
				850325962D6B1E81008CE3DD /* PicTextUITests */,
			);
			name = PicTextUITests;
			packageProductDependencies = (
			);
			productName = PicTextUITests;
			productReference = 850325932D6B1E81008CE3DD /* PicTextUITests.xctest */;
			productType = "com.apple.product-type.bundle.ui-testing";
		};
/* End PBXNativeTarget section */

/* Begin PBXProject section */
		850325712D6B1E80008CE3DD /* Project object */ = {
			isa = PBXProject;
			attributes = {
				BuildIndependentTargetsInParallel = 1;
				LastSwiftUpdateCheck = 1600;
				LastUpgradeCheck = 1600;
				TargetAttributes = {
					850325782D6B1E80008CE3DD = {
						CreatedOnToolsVersion = 16.0;
					};
					850325882D6B1E81008CE3DD = {
						CreatedOnToolsVersion = 16.0;
						TestTargetID = 850325782D6B1E80008CE3DD;
					};
					850325922D6B1E81008CE3DD = {
						CreatedOnToolsVersion = 16.0;
						TestTargetID = 850325782D6B1E80008CE3DD;
					};
				};
			};
			buildConfigurationList = 850325742D6B1E80008CE3DD /* Build configuration list for PBXProject "PicText" */;
			developmentRegion = en;
			hasScannedForEncodings = 0;
			knownRegions = (
				en,
				Base,
			);
			mainGroup = 850325702D6B1E80008CE3DD;
			minimizedProjectReferenceProxies = 1;
			preferredProjectObjectVersion = 77;
			productRefGroup = 8503257A2D6B1E80008CE3DD /* Products */;
			projectDirPath = "";
			projectRoot = "";
			targets = (
				850325782D6B1E80008CE3DD /* PicText */,
				850325882D6B1E81008CE3DD /* PicTextTests */,
				850325922D6B1E81008CE3DD /* PicTextUITests */,
			);
		};
/* End PBXProject section */

/* Begin PBXResourcesBuildPhase section */
		850325772D6B1E80008CE3DD /* Resources */ = {
			isa = PBXResourcesBuildPhase;
			buildActionMask = 2147483647;
			files = (
			);
			runOnlyForDeploymentPostprocessing = 0;
		};
		850325872D6B1E81008CE3DD /* Resources */ = {
			isa = PBXResourcesBuildPhase;
			buildActionMask = 2147483647;
			files = (
			);
			runOnlyForDeploymentPostprocessing = 0;
		};
		850325912D6B1E81008CE3DD /* Resources */ = {
			isa = PBXResourcesBuildPhase;
			buildActionMask = 2147483647;
			files = (
			);
			runOnlyForDeploymentPostprocessing = 0;
		};
/* End PBXResourcesBuildPhase section */

/* Begin PBXSourcesBuildPhase section */
		850325752D6B1E80008CE3DD /* Sources */ = {
			isa = PBXSourcesBuildPhase;
			buildActionMask = 2147483647;
			files = (
				850326182D74A6EF008CE3DD /* SampleView.swift in Sources */,
				850326162D749F27008CE3DD /* PhotosListView.swift in Sources */,
				850326142D749B40008CE3DD /* Constants.swift in Sources */,
				85D64DA82D7F297D002F40F4 /* UpdateEditFormView.swift in Sources */,
				85D64DAA2D7F33DD002F40F4 /* ImagePicker.swift in Sources */,
				85D64DA62D7F1F8F002F40F4 /* UpdateEditViewModel.swift in Sources */,
			);
			runOnlyForDeploymentPostprocessing = 0;
		};
		850325852D6B1E81008CE3DD /* Sources */ = {
			isa = PBXSourcesBuildPhase;
			buildActionMask = 2147483647;
			files = (
			);
			runOnlyForDeploymentPostprocessing = 0;
		};
		8503258F2D6B1E81008CE3DD /* Sources */ = {
			isa = PBXSourcesBuildPhase;
			buildActionMask = 2147483647;
			files = (
			);
			runOnlyForDeploymentPostprocessing = 0;
		};
/* End PBXSourcesBuildPhase section */

/* Begin PBXTargetDependency section */
		8503258B2D6B1E81008CE3DD /* PBXTargetDependency */ = {
			isa = PBXTargetDependency;
			target = 850325782D6B1E80008CE3DD /* PicText */;
			targetProxy = 8503258A2D6B1E81008CE3DD /* PBXContainerItemProxy */;
		};
		850325952D6B1E81008CE3DD /* PBXTargetDependency */ = {
			isa = PBXTargetDependency;
			target = 850325782D6B1E80008CE3DD /* PicText */;
			targetProxy = 850325942D6B1E81008CE3DD /* PBXContainerItemProxy */;
		};
/* End PBXTargetDependency section */

/* Begin XCBuildConfiguration section */
		8503259B2D6B1E81008CE3DD /* Debug */ = {
			isa = XCBuildConfiguration;
			buildSettings = {
				ALWAYS_SEARCH_USER_PATHS = NO;
				ASSETCATALOG_COMPILER_GENERATE_SWIFT_ASSET_SYMBOL_EXTENSIONS = YES;
				CLANG_ANALYZER_NONNULL = YES;
				CLANG_ANALYZER_NUMBER_OBJECT_CONVERSION = YES_AGGRESSIVE;
				CLANG_CXX_LANGUAGE_STANDARD = "gnu++20";
				CLANG_ENABLE_MODULES = YES;
				CLANG_ENABLE_OBJC_ARC = YES;
				CLANG_ENABLE_OBJC_WEAK = YES;
				CLANG_WARN_BLOCK_CAPTURE_AUTORELEASING = YES;
				CLANG_WARN_BOOL_CONVERSION = YES;
				CLANG_WARN_COMMA = YES;
				CLANG_WARN_CONSTANT_CONVERSION = YES;
				CLANG_WARN_DEPRECATED_OBJC_IMPLEMENTATIONS = YES;
				CLANG_WARN_DIRECT_OBJC_ISA_USAGE = YES_ERROR;
				CLANG_WARN_DOCUMENTATION_COMMENTS = YES;
				CLANG_WARN_EMPTY_BODY = YES;
				CLANG_WARN_ENUM_CONVERSION = YES;
				CLANG_WARN_INFINITE_RECURSION = YES;
				CLANG_WARN_INT_CONVERSION = YES;
				CLANG_WARN_NON_LITERAL_NULL_CONVERSION = YES;
				CLANG_WARN_OBJC_IMPLICIT_RETAIN_SELF = YES;
				CLANG_WARN_OBJC_LITERAL_CONVERSION = YES;
				CLANG_WARN_OBJC_ROOT_CLASS = YES_ERROR;
				CLANG_WARN_QUOTED_INCLUDE_IN_FRAMEWORK_HEADER = YES;
				CLANG_WARN_RANGE_LOOP_ANALYSIS = YES;
				CLANG_WARN_STRICT_PROTOTYPES = YES;
				CLANG_WARN_SUSPICIOUS_MOVE = YES;
				CLANG_WARN_UNGUARDED_AVAILABILITY = YES_AGGRESSIVE;
				CLANG_WARN_UNREACHABLE_CODE = YES;
				CLANG_WARN__DUPLICATE_METHOD_MATCH = YES;
				COPY_PHASE_STRIP = NO;
				DEBUG_INFORMATION_FORMAT = dwarf;
				ENABLE_STRICT_OBJC_MSGSEND = YES;
				ENABLE_TESTABILITY = YES;
				ENABLE_USER_SCRIPT_SANDBOXING = YES;
				GCC_C_LANGUAGE_STANDARD = gnu17;
				GCC_DYNAMIC_NO_PIC = NO;
				GCC_NO_COMMON_BLOCKS = YES;
				GCC_OPTIMIZATION_LEVEL = 0;
				GCC_PREPROCESSOR_DEFINITIONS = (
					"DEBUG=1",
					"$(inherited)",
				);
				GCC_WARN_64_TO_32_BIT_CONVERSION = YES;
				GCC_WARN_ABOUT_RETURN_TYPE = YES_ERROR;
				GCC_WARN_UNDECLARED_SELECTOR = YES;
				GCC_WARN_UNINITIALIZED_AUTOS = YES_AGGRESSIVE;
				GCC_WARN_UNUSED_FUNCTION = YES;
				GCC_WARN_UNUSED_VARIABLE = YES;
				IPHONEOS_DEPLOYMENT_TARGET = 18.0;
				LOCALIZATION_PREFERS_STRING_CATALOGS = YES;
				MTL_ENABLE_DEBUG_INFO = INCLUDE_SOURCE;
				MTL_FAST_MATH = YES;
				ONLY_ACTIVE_ARCH = YES;
				SDKROOT = iphoneos;
				SWIFT_ACTIVE_COMPILATION_CONDITIONS = "DEBUG $(inherited)";
				SWIFT_OPTIMIZATION_LEVEL = "-Onone";
			};
			name = Debug;
		};
		8503259C2D6B1E81008CE3DD /* Release */ = {
			isa = XCBuildConfiguration;
			buildSettings = {
				ALWAYS_SEARCH_USER_PATHS = NO;
				ASSETCATALOG_COMPILER_GENERATE_SWIFT_ASSET_SYMBOL_EXTENSIONS = YES;
				CLANG_ANALYZER_NONNULL = YES;
				CLANG_ANALYZER_NUMBER_OBJECT_CONVERSION = YES_AGGRESSIVE;
				CLANG_CXX_LANGUAGE_STANDARD = "gnu++20";
				CLANG_ENABLE_MODULES = YES;
				CLANG_ENABLE_OBJC_ARC = YES;
				CLANG_ENABLE_OBJC_WEAK = YES;
				CLANG_WARN_BLOCK_CAPTURE_AUTORELEASING = YES;
				CLANG_WARN_BOOL_CONVERSION = YES;
				CLANG_WARN_COMMA = YES;
				CLANG_WARN_CONSTANT_CONVERSION = YES;
				CLANG_WARN_DEPRECATED_OBJC_IMPLEMENTATIONS = YES;
				CLANG_WARN_DIRECT_OBJC_ISA_USAGE = YES_ERROR;
				CLANG_WARN_DOCUMENTATION_COMMENTS = YES;
				CLANG_WARN_EMPTY_BODY = YES;
				CLANG_WARN_ENUM_CONVERSION = YES;
				CLANG_WARN_INFINITE_RECURSION = YES;
				CLANG_WARN_INT_CONVERSION = YES;
				CLANG_WARN_NON_LITERAL_NULL_CONVERSION = YES;
				CLANG_WARN_OBJC_IMPLICIT_RETAIN_SELF = YES;
				CLANG_WARN_OBJC_LITERAL_CONVERSION = YES;
				CLANG_WARN_OBJC_ROOT_CLASS = YES_ERROR;
				CLANG_WARN_QUOTED_INCLUDE_IN_FRAMEWORK_HEADER = YES;
				CLANG_WARN_RANGE_LOOP_ANALYSIS = YES;
				CLANG_WARN_STRICT_PROTOTYPES = YES;
				CLANG_WARN_SUSPICIOUS_MOVE = YES;
				CLANG_WARN_UNGUARDED_AVAILABILITY = YES_AGGRESSIVE;
				CLANG_WARN_UNREACHABLE_CODE = YES;
				CLANG_WARN__DUPLICATE_METHOD_MATCH = YES;
				COPY_PHASE_STRIP = NO;
				DEBUG_INFORMATION_FORMAT = "dwarf-with-dsym";
				ENABLE_NS_ASSERTIONS = NO;
				ENABLE_STRICT_OBJC_MSGSEND = YES;
				ENABLE_USER_SCRIPT_SANDBOXING = YES;
				GCC_C_LANGUAGE_STANDARD = gnu17;
				GCC_NO_COMMON_BLOCKS = YES;
				GCC_WARN_64_TO_32_BIT_CONVERSION = YES;
				GCC_WARN_ABOUT_RETURN_TYPE = YES_ERROR;
				GCC_WARN_UNDECLARED_SELECTOR = YES;
				GCC_WARN_UNINITIALIZED_AUTOS = YES_AGGRESSIVE;
				GCC_WARN_UNUSED_FUNCTION = YES;
				GCC_WARN_UNUSED_VARIABLE = YES;
				IPHONEOS_DEPLOYMENT_TARGET = 18.0;
				LOCALIZATION_PREFERS_STRING_CATALOGS = YES;
				MTL_ENABLE_DEBUG_INFO = NO;
				MTL_FAST_MATH = YES;
				SDKROOT = iphoneos;
				SWIFT_COMPILATION_MODE = wholemodule;
				VALIDATE_PRODUCT = YES;
			};
			name = Release;
		};
		8503259E2D6B1E81008CE3DD /* Debug */ = {
			isa = XCBuildConfiguration;
			buildSettings = {
				ASSETCATALOG_COMPILER_APPICON_NAME = AppIcon;
				ASSETCATALOG_COMPILER_GLOBAL_ACCENT_COLOR_NAME = AccentColor;
				CODE_SIGN_STYLE = Automatic;
				CURRENT_PROJECT_VERSION = 1;
				DEVELOPMENT_ASSET_PATHS = "\"PicText/Preview Content\"";
				ENABLE_PREVIEWS = YES;
				GENERATE_INFOPLIST_FILE = YES;
				INFOPLIST_KEY_UIApplicationSceneManifest_Generation = YES;
				INFOPLIST_KEY_UIApplicationSupportsIndirectInputEvents = YES;
				INFOPLIST_KEY_UILaunchScreen_Generation = YES;
				INFOPLIST_KEY_UISupportedInterfaceOrientations_iPad = "UIInterfaceOrientationPortrait UIInterfaceOrientationPortraitUpsideDown UIInterfaceOrientationLandscapeLeft UIInterfaceOrientationLandscapeRight";
				INFOPLIST_KEY_UISupportedInterfaceOrientations_iPhone = "UIInterfaceOrientationPortrait UIInterfaceOrientationLandscapeLeft UIInterfaceOrientationLandscapeRight";
				LD_RUNPATH_SEARCH_PATHS = (
					"$(inherited)",
					"@executable_path/Frameworks",
				);
				MARKETING_VERSION = 1.0;
				PRODUCT_BUNDLE_IDENTIFIER = viktormontazer.PicText;
				PRODUCT_NAME = "$(TARGET_NAME)";
				SWIFT_EMIT_LOC_STRINGS = YES;
				SWIFT_VERSION = 5.0;
				TARGETED_DEVICE_FAMILY = "1,2";
			};
			name = Debug;
		};
		8503259F2D6B1E81008CE3DD /* Release */ = {
			isa = XCBuildConfiguration;
			buildSettings = {
				ASSETCATALOG_COMPILER_APPICON_NAME = AppIcon;
				ASSETCATALOG_COMPILER_GLOBAL_ACCENT_COLOR_NAME = AccentColor;
				CODE_SIGN_STYLE = Automatic;
				CURRENT_PROJECT_VERSION = 1;
				DEVELOPMENT_ASSET_PATHS = "\"PicText/Preview Content\"";
				ENABLE_PREVIEWS = YES;
				GENERATE_INFOPLIST_FILE = YES;
				INFOPLIST_KEY_UIApplicationSceneManifest_Generation = YES;
				INFOPLIST_KEY_UIApplicationSupportsIndirectInputEvents = YES;
				INFOPLIST_KEY_UILaunchScreen_Generation = YES;
				INFOPLIST_KEY_UISupportedInterfaceOrientations_iPad = "UIInterfaceOrientationPortrait UIInterfaceOrientationPortraitUpsideDown UIInterfaceOrientationLandscapeLeft UIInterfaceOrientationLandscapeRight";
				INFOPLIST_KEY_UISupportedInterfaceOrientations_iPhone = "UIInterfaceOrientationPortrait UIInterfaceOrientationLandscapeLeft UIInterfaceOrientationLandscapeRight";
				LD_RUNPATH_SEARCH_PATHS = (
					"$(inherited)",
					"@executable_path/Frameworks",
				);
				MARKETING_VERSION = 1.0;
				PRODUCT_BUNDLE_IDENTIFIER = viktormontazer.PicText;
				PRODUCT_NAME = "$(TARGET_NAME)";
				SWIFT_EMIT_LOC_STRINGS = YES;
				SWIFT_VERSION = 5.0;
				TARGETED_DEVICE_FAMILY = "1,2";
			};
			name = Release;
		};
		850325A12D6B1E81008CE3DD /* Debug */ = {
			isa = XCBuildConfiguration;
			buildSettings = {
				BUNDLE_LOADER = "$(TEST_HOST)";
				CODE_SIGN_STYLE = Automatic;
				CURRENT_PROJECT_VERSION = 1;
				GENERATE_INFOPLIST_FILE = YES;
				IPHONEOS_DEPLOYMENT_TARGET = 18.0;
				MARKETING_VERSION = 1.0;
				PRODUCT_BUNDLE_IDENTIFIER = viktormontazer.PicTextTests;
				PRODUCT_NAME = "$(TARGET_NAME)";
				SWIFT_EMIT_LOC_STRINGS = NO;
				SWIFT_VERSION = 5.0;
				TARGETED_DEVICE_FAMILY = "1,2";
				TEST_HOST = "$(BUILT_PRODUCTS_DIR)/PicText.app/$(BUNDLE_EXECUTABLE_FOLDER_PATH)/PicText";
			};
			name = Debug;
		};
		850325A22D6B1E81008CE3DD /* Release */ = {
			isa = XCBuildConfiguration;
			buildSettings = {
				BUNDLE_LOADER = "$(TEST_HOST)";
				CODE_SIGN_STYLE = Automatic;
				CURRENT_PROJECT_VERSION = 1;
				GENERATE_INFOPLIST_FILE = YES;
				IPHONEOS_DEPLOYMENT_TARGET = 18.0;
				MARKETING_VERSION = 1.0;
				PRODUCT_BUNDLE_IDENTIFIER = viktormontazer.PicTextTests;
				PRODUCT_NAME = "$(TARGET_NAME)";
				SWIFT_EMIT_LOC_STRINGS = NO;
				SWIFT_VERSION = 5.0;
				TARGETED_DEVICE_FAMILY = "1,2";
				TEST_HOST = "$(BUILT_PRODUCTS_DIR)/PicText.app/$(BUNDLE_EXECUTABLE_FOLDER_PATH)/PicText";
			};
			name = Release;
		};
		850325A42D6B1E81008CE3DD /* Debug */ = {
			isa = XCBuildConfiguration;
			buildSettings = {
				CODE_SIGN_STYLE = Automatic;
				CURRENT_PROJECT_VERSION = 1;
				GENERATE_INFOPLIST_FILE = YES;
				MARKETING_VERSION = 1.0;
				PRODUCT_BUNDLE_IDENTIFIER = viktormontazer.PicTextUITests;
				PRODUCT_NAME = "$(TARGET_NAME)";
				SWIFT_EMIT_LOC_STRINGS = NO;
				SWIFT_VERSION = 5.0;
				TARGETED_DEVICE_FAMILY = "1,2";
				TEST_TARGET_NAME = PicText;
			};
			name = Debug;
		};
		850325A52D6B1E81008CE3DD /* Release */ = {
			isa = XCBuildConfiguration;
			buildSettings = {
				CODE_SIGN_STYLE = Automatic;
				CURRENT_PROJECT_VERSION = 1;
				GENERATE_INFOPLIST_FILE = YES;
				MARKETING_VERSION = 1.0;
				PRODUCT_BUNDLE_IDENTIFIER = viktormontazer.PicTextUITests;
				PRODUCT_NAME = "$(TARGET_NAME)";
				SWIFT_EMIT_LOC_STRINGS = NO;
				SWIFT_VERSION = 5.0;
				TARGETED_DEVICE_FAMILY = "1,2";
				TEST_TARGET_NAME = PicText;
			};
			name = Release;
		};
/* End XCBuildConfiguration section */

/* Begin XCConfigurationList section */
		850325742D6B1E80008CE3DD /* Build configuration list for PBXProject "PicText" */ = {
			isa = XCConfigurationList;
			buildConfigurations = (
				8503259B2D6B1E81008CE3DD /* Debug */,
				8503259C2D6B1E81008CE3DD /* Release */,
			);
			defaultConfigurationIsVisible = 0;
			defaultConfigurationName = Release;
		};
		8503259D2D6B1E81008CE3DD /* Build configuration list for PBXNativeTarget "PicText" */ = {
			isa = XCConfigurationList;
			buildConfigurations = (
				8503259E2D6B1E81008CE3DD /* Debug */,
				8503259F2D6B1E81008CE3DD /* Release */,
			);
			defaultConfigurationIsVisible = 0;
			defaultConfigurationName = Release;
		};
		850325A02D6B1E81008CE3DD /* Build configuration list for PBXNativeTarget "PicTextTests" */ = {
			isa = XCConfigurationList;
			buildConfigurations = (
				850325A12D6B1E81008CE3DD /* Debug */,
				850325A22D6B1E81008CE3DD /* Release */,
			);
			defaultConfigurationIsVisible = 0;
			defaultConfigurationName = Release;
		};
		850325A32D6B1E81008CE3DD /* Build configuration list for PBXNativeTarget "PicTextUITests" */ = {
			isa = XCConfigurationList;
			buildConfigurations = (
				850325A42D6B1E81008CE3DD /* Debug */,
				850325A52D6B1E81008CE3DD /* Release */,
			);
			defaultConfigurationIsVisible = 0;
			defaultConfigurationName = Release;
		};
/* End XCConfigurationList section */
	};
	rootObject = 850325712D6B1E80008CE3DD /* Project object */;
}
